// !$*UTF8*$!
{
	archiveVersion = 1;
	classes = {
	};
	objectVersion = 42;
	objects = {

/* Begin PBXBuildFile section */
		8D5B49B0048680CD000E48DA /* InfoPlist.strings in Resources */ = {isa = PBXBuildFile; fileRef = 089C167DFE841241C02AAC07 /* InfoPlist.strings */; };
		8D5B49B4048680CD000E48DA /* Cocoa.framework in Frameworks */ = {isa = PBXBuildFile; fileRef = 1058C7ADFEA557BF11CA2CBB /* Cocoa.framework */; };
		BF91C5440AB12E8C00885032 /* XLDLameOutputTask.m in Sources */ = {isa = PBXBuildFile; fileRef = BF91C5430AB12E8C00885032 /* XLDLameOutputTask.m */; };
		BFB6883B0A41B878004F36F4 /* XLDLameOutput.m in Sources */ = {isa = PBXBuildFile; fileRef = BFB688390A41B878004F36F4 /* XLDLameOutput.m */; };
		BFB9DEDC12826B3B009445A3 /* XLDLameOutput.xib in Resources */ = {isa = PBXBuildFile; fileRef = BFB9DEDA12826B3B009445A3 /* XLDLameOutput.xib */; };
/* End PBXBuildFile section */

/* Begin PBXFileReference section */
		089C1672FE841209C02AAC07 /* Foundation.framework */ = {isa = PBXFileReference; lastKnownFileType = wrapper.framework; name = Foundation.framework; path = /System/Library/Frameworks/Foundation.framework; sourceTree = "<absolute>"; };
		089C167EFE841241C02AAC07 /* English */ = {isa = PBXFileReference; fileEncoding = 10; lastKnownFileType = text.plist.strings; name = English; path = English.lproj/InfoPlist.strings; sourceTree = "<group>"; };
		089C167FFE841241C02AAC07 /* AppKit.framework */ = {isa = PBXFileReference; lastKnownFileType = wrapper.framework; name = AppKit.framework; path = /System/Library/Frameworks/AppKit.framework; sourceTree = "<absolute>"; };
		1058C7ADFEA557BF11CA2CBB /* Cocoa.framework */ = {isa = PBXFileReference; lastKnownFileType = wrapper.framework; name = Cocoa.framework; path = /System/Library/Frameworks/Cocoa.framework; sourceTree = "<absolute>"; };
		32DBCF630370AF2F00C91783 /* XLDLameOutput_Prefix.pch */ = {isa = PBXFileReference; fileEncoding = 4; lastKnownFileType = sourcecode.c.h; path = XLDLameOutput_Prefix.pch; sourceTree = "<group>"; };
		8D5B49B6048680CD000E48DA /* XLDLameOutput.bundle */ = {isa = PBXFileReference; explicitFileType = wrapper.cfbundle; includeInIndex = 0; path = XLDLameOutput.bundle; sourceTree = BUILT_PRODUCTS_DIR; };
		8D5B49B7048680CD000E48DA /* Info.plist */ = {isa = PBXFileReference; fileEncoding = 4; lastKnownFileType = text.plist.xml; path = Info.plist; sourceTree = "<group>"; };
		BF2306D31328A6000000DC53 /* Spanish */ = {isa = PBXFileReference; lastKnownFileType = file.xib; name = Spanish; path = Spanish.lproj/XLDLameOutput.xib; sourceTree = "<group>"; };
		BF4C7D50142C864900C03E9E /* Italian */ = {isa = PBXFileReference; lastKnownFileType = file.xib; name = Italian; path = Italian.lproj/XLDLameOutput.xib; sourceTree = "<group>"; };
		BF91C5400AB12E7E00885032 /* XLDOutputTask.h */ = {isa = PBXFileReference; fileEncoding = 0; lastKnownFileType = sourcecode.c.h; path = XLDOutputTask.h; sourceTree = "<group>"; };
		BF91C5420AB12E8C00885032 /* XLDLameOutputTask.h */ = {isa = PBXFileReference; fileEncoding = 4; lastKnownFileType = sourcecode.c.h; path = XLDLameOutputTask.h; sourceTree = "<group>"; };
		BF91C5430AB12E8C00885032 /* XLDLameOutputTask.m */ = {isa = PBXFileReference; fileEncoding = 4; lastKnownFileType = sourcecode.c.objc; path = XLDLameOutputTask.m; sourceTree = "<group>"; };
		BFB688380A41B878004F36F4 /* XLDOutput.h */ = {isa = PBXFileReference; fileEncoding = 0; lastKnownFileType = sourcecode.c.h; path = XLDOutput.h; sourceTree = "<group>"; };
		BFB688390A41B878004F36F4 /* XLDLameOutput.m */ = {isa = PBXFileReference; fileEncoding = 0; lastKnownFileType = sourcecode.c.objc; path = XLDLameOutput.m; sourceTree = "<group>"; };
		BFB6883A0A41B878004F36F4 /* XLDLameOutput.h */ = {isa = PBXFileReference; fileEncoding = 0; lastKnownFileType = sourcecode.c.h; path = XLDLameOutput.h; sourceTree = "<group>"; };
		BFB9DEDB12826B3B009445A3 /* English */ = {isa = PBXFileReference; lastKnownFileType = file.xib; name = English; path = English.lproj/XLDLameOutput.xib; sourceTree = "<group>"; };
		BFB9DEDD12826B4E009445A3 /* Japanese */ = {isa = PBXFileReference; lastKnownFileType = file.xib; name = Japanese; path = Japanese.lproj/XLDLameOutput.xib; sourceTree = "<group>"; };
		BFB9DEE012826B54009445A3 /* German */ = {isa = PBXFileReference; lastKnownFileType = file.xib; name = German; path = German.lproj/XLDLameOutput.xib; sourceTree = "<group>"; };
		BFB9DEE112826B5A009445A3 /* French */ = {isa = PBXFileReference; lastKnownFileType = file.xib; name = French; path = French.lproj/XLDLameOutput.xib; sourceTree = "<group>"; };
		BFB9DEE212826B61009445A3 /* zh_CN */ = {isa = PBXFileReference; lastKnownFileType = file.xib; name = zh_CN; path = zh_CN.lproj/XLDLameOutput.xib; sourceTree = "<group>"; };
		BFCA57360A47CB46007C647B /* XLDTrack.h */ = {isa = PBXFileReference; fileEncoding = 0; lastKnownFileType = sourcecode.c.h; path = XLDTrack.h; sourceTree = "<group>"; };
		BFD3CCE01359D0C500D0E817 /* zh_TW */ = {isa = PBXFileReference; lastKnownFileType = file.xib; name = zh_TW; path = zh_TW.lproj/XLDLameOutput.xib; sourceTree = "<group>"; };
		D2F7E65807B2D6F200F64583 /* CoreData.framework */ = {isa = PBXFileReference; lastKnownFileType = wrapper.framework; name = CoreData.framework; path = /System/Library/Frameworks/CoreData.framework; sourceTree = "<absolute>"; };
/* End PBXFileReference section */

/* Begin PBXFrameworksBuildPhase section */
		8D5B49B3048680CD000E48DA /* Frameworks */ = {
			isa = PBXFrameworksBuildPhase;
			buildActionMask = 2147483647;
			files = (
				8D5B49B4048680CD000E48DA /* Cocoa.framework in Frameworks */,
			);
			runOnlyForDeploymentPostprocessing = 0;
		};
/* End PBXFrameworksBuildPhase section */

/* Begin PBXGroup section */
		089C166AFE841209C02AAC07 /* XLDLameOutput */ = {
			isa = PBXGroup;
			children = (
				08FB77AFFE84173DC02AAC07 /* Classes */,
				32C88E010371C26100C91783 /* Other Sources */,
				089C167CFE841241C02AAC07 /* Resources */,
				089C1671FE841209C02AAC07 /* Frameworks and Libraries */,
				19C28FB8FE9D52D311CA2CBB /* Products */,
			);
			name = XLDLameOutput;
			sourceTree = "<group>";
		};
		089C1671FE841209C02AAC07 /* Frameworks and Libraries */ = {
			isa = PBXGroup;
			children = (
				1058C7ACFEA557BF11CA2CBB /* Linked Frameworks */,
				1058C7AEFEA557BF11CA2CBB /* Other Frameworks */,
			);
			name = "Frameworks and Libraries";
			sourceTree = "<group>";
		};
		089C167CFE841241C02AAC07 /* Resources */ = {
			isa = PBXGroup;
			children = (
				BFB9DEDA12826B3B009445A3 /* XLDLameOutput.xib */,
				8D5B49B7048680CD000E48DA /* Info.plist */,
				089C167DFE841241C02AAC07 /* InfoPlist.strings */,
			);
			name = Resources;
			sourceTree = "<group>";
		};
		08FB77AFFE84173DC02AAC07 /* Classes */ = {
			isa = PBXGroup;
			children = (
				BFCA57360A47CB46007C647B /* XLDTrack.h */,
				BFB688380A41B878004F36F4 /* XLDOutput.h */,
				BF91C5400AB12E7E00885032 /* XLDOutputTask.h */,
				BFB6883A0A41B878004F36F4 /* XLDLameOutput.h */,
				BFB688390A41B878004F36F4 /* XLDLameOutput.m */,
				BF91C5420AB12E8C00885032 /* XLDLameOutputTask.h */,
				BF91C5430AB12E8C00885032 /* XLDLameOutputTask.m */,
			);
			name = Classes;
			sourceTree = "<group>";
		};
		1058C7ACFEA557BF11CA2CBB /* Linked Frameworks */ = {
			isa = PBXGroup;
			children = (
				1058C7ADFEA557BF11CA2CBB /* Cocoa.framework */,
			);
			name = "Linked Frameworks";
			sourceTree = "<group>";
		};
		1058C7AEFEA557BF11CA2CBB /* Other Frameworks */ = {
			isa = PBXGroup;
			children = (
				089C167FFE841241C02AAC07 /* AppKit.framework */,
				D2F7E65807B2D6F200F64583 /* CoreData.framework */,
				089C1672FE841209C02AAC07 /* Foundation.framework */,
			);
			name = "Other Frameworks";
			sourceTree = "<group>";
		};
		19C28FB8FE9D52D311CA2CBB /* Products */ = {
			isa = PBXGroup;
			children = (
				8D5B49B6048680CD000E48DA /* XLDLameOutput.bundle */,
			);
			name = Products;
			sourceTree = "<group>";
		};
		32C88E010371C26100C91783 /* Other Sources */ = {
			isa = PBXGroup;
			children = (
				32DBCF630370AF2F00C91783 /* XLDLameOutput_Prefix.pch */,
			);
			name = "Other Sources";
			sourceTree = "<group>";
		};
/* End PBXGroup section */

/* Begin PBXNativeTarget section */
		8D5B49AC048680CD000E48DA /* XLDLameOutput */ = {
			isa = PBXNativeTarget;
			buildConfigurationList = 1DEB913A08733D840010E9CD /* Build configuration list for PBXNativeTarget "XLDLameOutput" */;
			buildPhases = (
				8D5B49AF048680CD000E48DA /* Resources */,
				8D5B49B1048680CD000E48DA /* Sources */,
				8D5B49B3048680CD000E48DA /* Frameworks */,
			);
			buildRules = (
			);
			dependencies = (
			);
			name = XLDLameOutput;
			productInstallPath = "$(HOME)/Library/Bundles";
			productName = XLDLameOutput;
			productReference = 8D5B49B6048680CD000E48DA /* XLDLameOutput.bundle */;
			productType = "com.apple.product-type.bundle";
		};
/* End PBXNativeTarget section */

/* Begin PBXProject section */
		089C1669FE841209C02AAC07 /* Project object */ = {
			isa = PBXProject;
			buildConfigurationList = 1DEB913E08733D840010E9CD /* Build configuration list for PBXProject "XLDLameOutput_export" */;
			compatibilityVersion = "Xcode 2.4";
			developmentRegion = English;
			hasScannedForEncodings = 1;
			knownRegions = (
				English,
				Japanese,
				French,
				German,
				zh_CN,
				Spanish,
				zh_TW,
				Italian,
			);
			mainGroup = 089C166AFE841209C02AAC07 /* XLDLameOutput */;
			projectDirPath = "";
			projectRoot = "";
			targets = (
				8D5B49AC048680CD000E48DA /* XLDLameOutput */,
			);
		};
/* End PBXProject section */

/* Begin PBXResourcesBuildPhase section */
		8D5B49AF048680CD000E48DA /* Resources */ = {
			isa = PBXResourcesBuildPhase;
			buildActionMask = 2147483647;
			files = (
				8D5B49B0048680CD000E48DA /* InfoPlist.strings in Resources */,
				BFB9DEDC12826B3B009445A3 /* XLDLameOutput.xib in Resources */,
			);
			runOnlyForDeploymentPostprocessing = 0;
		};
/* End PBXResourcesBuildPhase section */

/* Begin PBXSourcesBuildPhase section */
		8D5B49B1048680CD000E48DA /* Sources */ = {
			isa = PBXSourcesBuildPhase;
			buildActionMask = 2147483647;
			files = (
				BFB6883B0A41B878004F36F4 /* XLDLameOutput.m in Sources */,
				BF91C5440AB12E8C00885032 /* XLDLameOutputTask.m in Sources */,
			);
			runOnlyForDeploymentPostprocessing = 0;
		};
/* End PBXSourcesBuildPhase section */

/* Begin PBXVariantGroup section */
		089C167DFE841241C02AAC07 /* InfoPlist.strings */ = {
			isa = PBXVariantGroup;
			children = (
				089C167EFE841241C02AAC07 /* English */,
			);
			name = InfoPlist.strings;
			sourceTree = "<group>";
		};
		BFB9DEDA12826B3B009445A3 /* XLDLameOutput.xib */ = {
			isa = PBXVariantGroup;
			children = (
				BFB9DEDB12826B3B009445A3 /* English */,
				BFB9DEDD12826B4E009445A3 /* Japanese */,
				BFB9DEE012826B54009445A3 /* German */,
				BFB9DEE112826B5A009445A3 /* French */,
				BFB9DEE212826B61009445A3 /* zh_CN */,
				BF2306D31328A6000000DC53 /* Spanish */,
				BFD3CCE01359D0C500D0E817 /* zh_TW */,
				BF4C7D50142C864900C03E9E /* Italian */,
			);
			name = XLDLameOutput.xib;
			sourceTree = "<group>";
		};
/* End PBXVariantGroup section */

/* Begin XCBuildConfiguration section */
		1DEB913B08733D840010E9CD /* Debug */ = {
			isa = XCBuildConfiguration;
			buildSettings = {
				GCC_DYNAMIC_NO_PIC = NO;
				GCC_GENERATE_DEBUGGING_SYMBOLS = NO;
				GCC_OPTIMIZATION_LEVEL = 2;
				GCC_PRECOMPILE_PREFIX_HEADER = YES;
				GCC_PREFIX_HEADER = XLDLameOutput_Prefix.pch;
				INFOPLIST_FILE = Info.plist;
				PRODUCT_NAME = XLDLameOutput;
				WRAPPER_EXTENSION = bundle;
			};
			name = Debug;
		};
		1DEB913C08733D840010E9CD /* Release */ = {
			isa = XCBuildConfiguration;
			buildSettings = {
				GCC_GENERATE_DEBUGGING_SYMBOLS = NO;
				GCC_OPTIMIZATION_LEVEL = 2;
				GCC_PRECOMPILE_PREFIX_HEADER = YES;
				GCC_PREFIX_HEADER = XLDLameOutput_Prefix.pch;
				INFOPLIST_FILE = Info.plist;
				PRODUCT_NAME = XLDLameOutput;
				WRAPPER_EXTENSION = bundle;
			};
			name = Release;
		};
		1DEB913F08733D840010E9CD /* Debug */ = {
			isa = XCBuildConfiguration;
			buildSettings = {
				GCC_PREPROCESSOR_DEFINITIONS = "";
				GCC_WARN_ABOUT_RETURN_TYPE = YES;
				GCC_WARN_UNUSED_VARIABLE = YES;
				MACOSX_DEPLOYMENT_TARGET = 10.4;
				OTHER_LDFLAGS = (
					"-lmp3lame",
					"-read_only_relocs",
					suppress,
				);
				PREBINDING = NO;
				USER_HEADER_SEARCH_PATHS = /usr/local/include;
				VALID_ARCHS = "i386 ppc";
			};
			name = Debug;
		};
		1DEB914008733D840010E9CD /* Release */ = {
			isa = XCBuildConfiguration;
			buildSettings = {
				GCC_PREPROCESSOR_DEFINITIONS = "";
				GCC_WARN_ABOUT_RETURN_TYPE = YES;
				GCC_WARN_UNUSED_VARIABLE = YES;
				MACOSX_DEPLOYMENT_TARGET = 10.4;
				OTHER_LDFLAGS = (
					"-lmp3lame",
					"-read_only_relocs",
					suppress,
				);
				PREBINDING = NO;
				USER_HEADER_SEARCH_PATHS = /usr/local/include;
				VALID_ARCHS = "i386 ppc";
			};
			name = Release;
		};
/* End XCBuildConfiguration section */

/* Begin XCConfigurationList section */
		1DEB913A08733D840010E9CD /* Build configuration list for PBXNativeTarget "XLDLameOutput" */ = {
			isa = XCConfigurationList;
			buildConfigurations = (
				1DEB913B08733D840010E9CD /* Debug */,
				1DEB913C08733D840010E9CD /* Release */,
			);
			defaultConfigurationIsVisible = 0;
			defaultConfigurationName = Release;
		};
		1DEB913E08733D840010E9CD /* Build configuration list for PBXProject "XLDLameOutput_export" */ = {
			isa = XCConfigurationList;
			buildConfigurations = (
				1DEB913F08733D840010E9CD /* Debug */,
				1DEB914008733D840010E9CD /* Release */,
			);
			defaultConfigurationIsVisible = 0;
			defaultConfigurationName = Release;
		};
/* End XCConfigurationList section */
	};
	rootObject = 089C1669FE841209C02AAC07 /* Project object */;
}
