// !$*UTF8*$!
{
	archiveVersion = 1;
	classes = {
	};
	objectVersion = 42;
	objects = {

/* Begin PBXBuildFile section */
		8D5B49B4048680CD000E48DA /* Cocoa.framework in Frameworks */ = {isa = PBXBuildFile; fileRef = 1058C7ADFEA557BF11CA2CBB /* Cocoa.framework */; };
		BF7C72DE0DE3578500325E88 /* Localizable.strings in Resources */ = {isa = PBXBuildFile; fileRef = BF7C72DD0DE3578500325E88 /* Localizable.strings */; };
		BFA61AFF0DE2D80600AC634C /* XLDWavpackOutput.m in Sources */ = {isa = PBXBuildFile; fileRef = BFA61AFE0DE2D80600AC634C /* XLDWavpackOutput.m */; };
		BFA61B120DE2DA4600AC634C /* XLDWavpackOutputTask.m in Sources */ = {isa = PBXBuildFile; fileRef = BFA61B110DE2DA4600AC634C /* XLDWavpackOutputTask.m */; };
		BFB9DF2212827083009445A3 /* libcrypto.dylib in Frameworks */ = {isa = PBXBuildFile; fileRef = BFB9DF2112827083009445A3 /* libcrypto.dylib */; };
		BFB9DF2C12827181009445A3 /* XLDWavpackOutput.xib in Resources */ = {isa = PBXBuildFile; fileRef = BFB9DF2A12827181009445A3 /* XLDWavpackOutput.xib */; };
/* End PBXBuildFile section */

/* Begin PBXFileReference section */
		089C1672FE841209C02AAC07 /* Foundation.framework */ = {isa = PBXFileReference; lastKnownFileType = wrapper.framework; name = Foundation.framework; path = /System/Library/Frameworks/Foundation.framework; sourceTree = "<absolute>"; };
		089C167FFE841241C02AAC07 /* AppKit.framework */ = {isa = PBXFileReference; lastKnownFileType = wrapper.framework; name = AppKit.framework; path = /System/Library/Frameworks/AppKit.framework; sourceTree = "<absolute>"; };
		1058C7ADFEA557BF11CA2CBB /* Cocoa.framework */ = {isa = PBXFileReference; lastKnownFileType = wrapper.framework; name = Cocoa.framework; path = /System/Library/Frameworks/Cocoa.framework; sourceTree = "<absolute>"; };
		32DBCF630370AF2F00C91783 /* XLDWavpackOutput_Prefix.pch */ = {isa = PBXFileReference; fileEncoding = 4; lastKnownFileType = sourcecode.c.h; path = XLDWavpackOutput_Prefix.pch; sourceTree = "<group>"; };
		8D5B49B6048680CD000E48DA /* XLDWavpackOutput.bundle */ = {isa = PBXFileReference; explicitFileType = wrapper.cfbundle; includeInIndex = 0; path = XLDWavpackOutput.bundle; sourceTree = BUILT_PRODUCTS_DIR; };
		8D5B49B7048680CD000E48DA /* Info.plist */ = {isa = PBXFileReference; fileEncoding = 4; lastKnownFileType = text.plist.xml; path = Info.plist; sourceTree = "<group>"; };
		BF01D1B9119FAF17000FB9BA /* German */ = {isa = PBXFileReference; lastKnownFileType = text.plist.strings; name = German; path = German.lproj/Localizable.strings; sourceTree = "<group>"; };
		BF2306F11328A75E0000DC53 /* Spanish */ = {isa = PBXFileReference; lastKnownFileType = file.xib; name = Spanish; path = Spanish.lproj/XLDWavpackOutput.xib; sourceTree = "<group>"; };
		BF2308E6132BB5280000DC53 /* Spanish */ = {isa = PBXFileReference; lastKnownFileType = text.plist.strings; name = Spanish; path = Spanish.lproj/Localizable.strings; sourceTree = "<group>"; };
		BF3861F80DE3E83F0024D698 /* Japanese */ = {isa = PBXFileReference; lastKnownFileType = text.plist.strings; name = Japanese; path = Japanese.lproj/Localizable.strings; sourceTree = "<group>"; };
		BF4C7D6F142C86E700C03E9E /* Italian */ = {isa = PBXFileReference; lastKnownFileType = text.plist.strings; name = Italian; path = Italian.lproj/Localizable.strings; sourceTree = "<group>"; };
		BF4C7D73142C86EE00C03E9E /* Italian */ = {isa = PBXFileReference; lastKnownFileType = file.xib; name = Italian; path = Italian.lproj/XLDWavpackOutput.xib; sourceTree = "<group>"; };
		BF7C71AB0DE34A5A00325E88 /* XLDTrack.h */ = {isa = PBXFileReference; fileEncoding = 0; lastKnownFileType = sourcecode.c.h; path = XLDTrack.h; sourceTree = "<group>"; };
		BF7C71AC0DE34A5A00325E88 /* XLDOutput.h */ = {isa = PBXFileReference; fileEncoding = 0; lastKnownFileType = sourcecode.c.h; path = XLDOutput.h; sourceTree = "<group>"; };
		BF7C71AD0DE34A5A00325E88 /* XLDOutputTask.h */ = {isa = PBXFileReference; fileEncoding = 0; lastKnownFileType = sourcecode.c.h; path = XLDOutputTask.h; sourceTree = "<group>"; };
		BF7C72DB0DE3577D00325E88 /* English */ = {isa = PBXFileReference; fileEncoding = 10; lastKnownFileType = text.plist.strings; name = English; path = English.lproj/Localizable.strings; sourceTree = "<group>"; };
		BFA61AFD0DE2D80600AC634C /* XLDWavpackOutput.h */ = {isa = PBXFileReference; fileEncoding = 0; lastKnownFileType = sourcecode.c.h; path = XLDWavpackOutput.h; sourceTree = "<group>"; };
		BFA61AFE0DE2D80600AC634C /* XLDWavpackOutput.m */ = {isa = PBXFileReference; fileEncoding = 0; lastKnownFileType = sourcecode.c.objc; path = XLDWavpackOutput.m; sourceTree = "<group>"; };
		BFA61B100DE2DA4600AC634C /* XLDWavpackOutputTask.h */ = {isa = PBXFileReference; fileEncoding = 4; lastKnownFileType = sourcecode.c.h; path = XLDWavpackOutputTask.h; sourceTree = "<group>"; };
		BFA61B110DE2DA4600AC634C /* XLDWavpackOutputTask.m */ = {isa = PBXFileReference; fileEncoding = 4; lastKnownFileType = sourcecode.c.objc; path = XLDWavpackOutputTask.m; sourceTree = "<group>"; };
		BFB9DF2112827083009445A3 /* libcrypto.dylib */ = {isa = PBXFileReference; lastKnownFileType = "compiled.mach-o.dylib"; name = libcrypto.dylib; path = usr/lib/libcrypto.dylib; sourceTree = SDKROOT; };
		BFB9DF2B12827181009445A3 /* English */ = {isa = PBXFileReference; lastKnownFileType = file.xib; name = English; path = English.lproj/XLDWavpackOutput.xib; sourceTree = "<group>"; };
		BFB9DF2D12827188009445A3 /* Japanese */ = {isa = PBXFileReference; lastKnownFileType = file.xib; name = Japanese; path = Japanese.lproj/XLDWavpackOutput.xib; sourceTree = "<group>"; };
		BFB9DF301282718F009445A3 /* German */ = {isa = PBXFileReference; lastKnownFileType = file.xib; name = German; path = German.lproj/XLDWavpackOutput.xib; sourceTree = "<group>"; };
		BFB9DF3112827196009445A3 /* zh_CN */ = {isa = PBXFileReference; lastKnownFileType = file.xib; name = zh_CN; path = zh_CN.lproj/XLDWavpackOutput.xib; sourceTree = "<group>"; };
		BFD3CCA91359CFF000D0E817 /* zh_TW */ = {isa = PBXFileReference; lastKnownFileType = text.plist.strings; name = zh_TW; path = zh_TW.lproj/Localizable.strings; sourceTree = "<group>"; };
		BFD3CCAA1359CFF400D0E817 /* zh_TW */ = {isa = PBXFileReference; lastKnownFileType = file.xib; name = zh_TW; path = zh_TW.lproj/XLDWavpackOutput.xib; sourceTree = "<group>"; };
		BFDC15820E1F8D2A0039A2AF /* zh_CN */ = {isa = PBXFileReference; lastKnownFileType = text.plist.strings; name = zh_CN; path = zh_CN.lproj/Localizable.strings; sourceTree = "<group>"; };
		D2F7E65807B2D6F200F64583 /* CoreData.framework */ = {isa = PBXFileReference; lastKnownFileType = wrapper.framework; name = CoreData.framework; path = /System/Library/Frameworks/CoreData.framework; sourceTree = "<absolute>"; };
/* End PBXFileReference section */

/* Begin PBXFrameworksBuildPhase section */
		8D5B49B3048680CD000E48DA /* Frameworks */ = {
			isa = PBXFrameworksBuildPhase;
			buildActionMask = 2147483647;
			files = (
				8D5B49B4048680CD000E48DA /* Cocoa.framework in Frameworks */,
				BFB9DF2212827083009445A3 /* libcrypto.dylib in Frameworks */,
			);
			runOnlyForDeploymentPostprocessing = 0;
		};
/* End PBXFrameworksBuildPhase section */

/* Begin PBXGroup section */
		089C166AFE841209C02AAC07 /* XLDWavpackOutput */ = {
			isa = PBXGroup;
			children = (
				08FB77AFFE84173DC02AAC07 /* Classes */,
				32C88E010371C26100C91783 /* Other Sources */,
				089C167CFE841241C02AAC07 /* Resources */,
				089C1671FE841209C02AAC07 /* Frameworks and Libraries */,
				19C28FB8FE9D52D311CA2CBB /* Products */,
			);
			name = XLDWavpackOutput;
			sourceTree = "<group>";
		};
		089C1671FE841209C02AAC07 /* Frameworks and Libraries */ = {
			isa = PBXGroup;
			children = (
				1058C7ACFEA557BF11CA2CBB /* Linked Frameworks */,
				1058C7AEFEA557BF11CA2CBB /* Other Frameworks */,
			);
			name = "Frameworks and Libraries";
			sourceTree = "<group>";
		};
		089C167CFE841241C02AAC07 /* Resources */ = {
			isa = PBXGroup;
			children = (
				BFB9DF2A12827181009445A3 /* XLDWavpackOutput.xib */,
				8D5B49B7048680CD000E48DA /* Info.plist */,
				BF7C72DD0DE3578500325E88 /* Localizable.strings */,
			);
			name = Resources;
			sourceTree = "<group>";
		};
		08FB77AFFE84173DC02AAC07 /* Classes */ = {
			isa = PBXGroup;
			children = (
				BF7C71AB0DE34A5A00325E88 /* XLDTrack.h */,
				BF7C71AC0DE34A5A00325E88 /* XLDOutput.h */,
				BF7C71AD0DE34A5A00325E88 /* XLDOutputTask.h */,
				BFA61AFD0DE2D80600AC634C /* XLDWavpackOutput.h */,
				BFA61AFE0DE2D80600AC634C /* XLDWavpackOutput.m */,
				BFA61B100DE2DA4600AC634C /* XLDWavpackOutputTask.h */,
				BFA61B110DE2DA4600AC634C /* XLDWavpackOutputTask.m */,
			);
			name = Classes;
			sourceTree = "<group>";
		};
		1058C7ACFEA557BF11CA2CBB /* Linked Frameworks */ = {
			isa = PBXGroup;
			children = (
				1058C7ADFEA557BF11CA2CBB /* Cocoa.framework */,
				BFB9DF2112827083009445A3 /* libcrypto.dylib */,
			);
			name = "Linked Frameworks";
			sourceTree = "<group>";
		};
		1058C7AEFEA557BF11CA2CBB /* Other Frameworks */ = {
			isa = PBXGroup;
			children = (
				089C167FFE841241C02AAC07 /* AppKit.framework */,
				D2F7E65807B2D6F200F64583 /* CoreData.framework */,
				089C1672FE841209C02AAC07 /* Foundation.framework */,
			);
			name = "Other Frameworks";
			sourceTree = "<group>";
		};
		19C28FB8FE9D52D311CA2CBB /* Products */ = {
			isa = PBXGroup;
			children = (
				8D5B49B6048680CD000E48DA /* XLDWavpackOutput.bundle */,
			);
			name = Products;
			sourceTree = "<group>";
		};
		32C88E010371C26100C91783 /* Other Sources */ = {
			isa = PBXGroup;
			children = (
				32DBCF630370AF2F00C91783 /* XLDWavpackOutput_Prefix.pch */,
			);
			name = "Other Sources";
			sourceTree = "<group>";
		};
/* End PBXGroup section */

/* Begin PBXNativeTarget section */
		8D5B49AC048680CD000E48DA /* XLDWavpackOutput */ = {
			isa = PBXNativeTarget;
			buildConfigurationList = 1DEB913A08733D840010E9CD /* Build configuration list for PBXNativeTarget "XLDWavpackOutput" */;
			buildPhases = (
				8D5B49AF048680CD000E48DA /* Resources */,
				8D5B49B1048680CD000E48DA /* Sources */,
				8D5B49B3048680CD000E48DA /* Frameworks */,
			);
			buildRules = (
			);
			dependencies = (
			);
			name = XLDWavpackOutput;
			productInstallPath = "$(HOME)/Library/Bundles";
			productName = XLDWavpackOutput;
			productReference = 8D5B49B6048680CD000E48DA /* XLDWavpackOutput.bundle */;
			productType = "com.apple.product-type.bundle";
		};
/* End PBXNativeTarget section */

/* Begin PBXProject section */
		089C1669FE841209C02AAC07 /* Project object */ = {
			isa = PBXProject;
			buildConfigurationList = 1DEB913E08733D840010E9CD /* Build configuration list for PBXProject "XLDWavpackOutput_export" */;
			compatibilityVersion = "Xcode 2.4";
			developmentRegion = English;
			hasScannedForEncodings = 1;
			knownRegions = (
				English,
				Japanese,
				French,
				German,
				zh_CN,
				Spanish,
				zh_TW,
				Italian,
			);
			mainGroup = 089C166AFE841209C02AAC07 /* XLDWavpackOutput */;
			projectDirPath = "";
			projectRoot = "";
			targets = (
				8D5B49AC048680CD000E48DA /* XLDWavpackOutput */,
			);
		};
/* End PBXProject section */

/* Begin PBXResourcesBuildPhase section */
		8D5B49AF048680CD000E48DA /* Resources */ = {
			isa = PBXResourcesBuildPhase;
			buildActionMask = 2147483647;
			files = (
				BF7C72DE0DE3578500325E88 /* Localizable.strings in Resources */,
				BFB9DF2C12827181009445A3 /* XLDWavpackOutput.xib in Resources */,
			);
			runOnlyForDeploymentPostprocessing = 0;
		};
/* End PBXResourcesBuildPhase section */

/* Begin PBXSourcesBuildPhase section */
		8D5B49B1048680CD000E48DA /* Sources */ = {
			isa = PBXSourcesBuildPhase;
			buildActionMask = 2147483647;
			files = (
				BFA61AFF0DE2D80600AC634C /* XLDWavpackOutput.m in Sources */,
				BFA61B120DE2DA4600AC634C /* XLDWavpackOutputTask.m in Sources */,
			);
			runOnlyForDeploymentPostprocessing = 0;
		};
/* End PBXSourcesBuildPhase section */

/* Begin PBXVariantGroup section */
		BF7C72DD0DE3578500325E88 /* Localizable.strings */ = {
			isa = PBXVariantGroup;
			children = (
				BF7C72DB0DE3577D00325E88 /* English */,
				BF3861F80DE3E83F0024D698 /* Japanese */,
				BFDC15820E1F8D2A0039A2AF /* zh_CN */,
				BF01D1B9119FAF17000FB9BA /* German */,
				BF2308E6132BB5280000DC53 /* Spanish */,
				BFD3CCA91359CFF000D0E817 /* zh_TW */,
				BF4C7D6F142C86E700C03E9E /* Italian */,
			);
			name = Localizable.strings;
			sourceTree = "<group>";
		};
		BFB9DF2A12827181009445A3 /* XLDWavpackOutput.xib */ = {
			isa = PBXVariantGroup;
			children = (
				BFB9DF2B12827181009445A3 /* English */,
				BFB9DF2D12827188009445A3 /* Japanese */,
				BFB9DF301282718F009445A3 /* German */,
				BFB9DF3112827196009445A3 /* zh_CN */,
				BF2306F11328A75E0000DC53 /* Spanish */,
				BFD3CCAA1359CFF400D0E817 /* zh_TW */,
				BF4C7D73142C86EE00C03E9E /* Italian */,
			);
			name = XLDWavpackOutput.xib;
			sourceTree = "<group>";
		};
/* End PBXVariantGroup section */

/* Begin XCBuildConfiguration section */
		1DEB913B08733D840010E9CD /* Debug */ = {
			isa = XCBuildConfiguration;
			buildSettings = {
				FRAMEWORK_SEARCH_PATHS = (
					"$(inherited)",
					"$(FRAMEWORK_SEARCH_PATHS_QUOTED_1)",
				);
				GCC_GENERATE_DEBUGGING_SYMBOLS = NO;
				GCC_PRECOMPILE_PREFIX_HEADER = YES;
				GCC_PREFIX_HEADER = XLDWavpackOutput_Prefix.pch;
				INFOPLIST_FILE = Info.plist;
				PRODUCT_NAME = XLDWavpackOutput;
				WRAPPER_EXTENSION = bundle;
			};
			name = Debug;
		};
		1DEB913C08733D840010E9CD /* Release */ = {
			isa = XCBuildConfiguration;
			buildSettings = {
				FRAMEWORK_SEARCH_PATHS = (
					"$(inherited)",
					"$(FRAMEWORK_SEARCH_PATHS_QUOTED_1)",
				);
				GCC_GENERATE_DEBUGGING_SYMBOLS = NO;
				GCC_PRECOMPILE_PREFIX_HEADER = YES;
				GCC_PREFIX_HEADER = XLDWavpackOutput_Prefix.pch;
				INFOPLIST_FILE = Info.plist;
				PRODUCT_NAME = XLDWavpackOutput;
				WRAPPER_EXTENSION = bundle;
			};
			name = Release;
		};
		1DEB913F08733D840010E9CD /* Debug */ = {
			isa = XCBuildConfiguration;
			buildSettings = {
				GCC_VERSION = 4.0;
				GCC_WARN_ABOUT_RETURN_TYPE = YES;
				GCC_WARN_UNUSED_VARIABLE = YES;
				HEADER_SEARCH_PATHS = /usr/local/include;
				OTHER_LDFLAGS = "-lwavpack";
				PREBINDING = NO;
				SDKROOT = /Developer/SDKs/MacOSX10.4u.sdk;
			};
			name = Debug;
		};
		1DEB914008733D840010E9CD /* Release */ = {
			isa = XCBuildConfiguration;
			buildSettings = {
				GCC_VERSION = 4.0;
				GCC_WARN_ABOUT_RETURN_TYPE = YES;
				GCC_WARN_UNUSED_VARIABLE = YES;
				HEADER_SEARCH_PATHS = /usr/local/include;
				OTHER_LDFLAGS = "-lwavpack";
				PREBINDING = NO;
				SDKROOT = /Developer/SDKs/MacOSX10.4u.sdk;
			};
			name = Release;
		};
/* End XCBuildConfiguration section */

/* Begin XCConfigurationList section */
		1DEB913A08733D840010E9CD /* Build configuration list for PBXNativeTarget "XLDWavpackOutput" */ = {
			isa = XCConfigurationList;
			buildConfigurations = (
				1DEB913B08733D840010E9CD /* Debug */,
				1DEB913C08733D840010E9CD /* Release */,
			);
			defaultConfigurationIsVisible = 0;
			defaultConfigurationName = Release;
		};
		1DEB913E08733D840010E9CD /* Build configuration list for PBXProject "XLDWavpackOutput_export" */ = {
			isa = XCConfigurationList;
			buildConfigurations = (
				1DEB913F08733D840010E9CD /* Debug */,
				1DEB914008733D840010E9CD /* Release */,
			);
			defaultConfigurationIsVisible = 0;
			defaultConfigurationName = Release;
		};
/* End XCConfigurationList section */
	};
	rootObject = 089C1669FE841209C02AAC07 /* Project object */;
}
