// !$*UTF8*$!
{
	archiveVersion = 1;
	classes = {
	};
	objectVersion = 45;
	objects = {

/* Begin PBXBuildFile section */
		8D5B49B4048680CD000E48DA /* Cocoa.framework in Frameworks */ = {isa = PBXBuildFile; fileRef = 1058C7ADFEA557BF11CA2CBB /* Cocoa.framework */; };
		BF573147191E2D7700050D54 /* dsd2pcm.c in Sources */ = {isa = PBXBuildFile; fileRef = BF573145191E2D7700050D54 /* dsd2pcm.c */; };
		BF573153191E2DFB00050D54 /* XLDDSDDecoder.m in Sources */ = {isa = PBXBuildFile; fileRef = BF573152191E2DFB00050D54 /* XLDDSDDecoder.m */; };
		BF573317191EB4B600050D54 /* XLDID3.framework in Frameworks */ = {isa = PBXBuildFile; fileRef = BF573316191EB4B600050D54 /* XLDID3.framework */; };
		BF5737081920FCDF00050D54 /* XLDDSDDecoder.xib in Resources */ = {isa = PBXBuildFile; fileRef = BF5737061920FCDF00050D54 /* XLDDSDDecoder.xib */; };
		BF5737191920FCFB00050D54 /* XLDDSDDecoderConfig.m in Sources */ = {isa = PBXBuildFile; fileRef = BF5737181920FCFB00050D54 /* XLDDSDDecoderConfig.m */; };
		BF814F3B1A20797C00B494A2 /* XLDSACDISOReader.m in Sources */ = {isa = PBXBuildFile; fileRef = BF814F3A1A20797C00B494A2 /* XLDSACDISOReader.m */; };
		BF814F661A2079E000B494A2 /* ccp_calc.c in Sources */ = {isa = PBXBuildFile; fileRef = BF814F561A2079E000B494A2 /* ccp_calc.c */; };
		BF814F671A2079E000B494A2 /* dst_ac.c in Sources */ = {isa = PBXBuildFile; fileRef = BF814F591A2079E000B494A2 /* dst_ac.c */; };
		BF814F681A2079E000B494A2 /* dst_data.c in Sources */ = {isa = PBXBuildFile; fileRef = BF814F5B1A2079E000B494A2 /* dst_data.c */; };
		BF814F691A2079E000B494A2 /* dst_decoder.c in Sources */ = {isa = PBXBuildFile; fileRef = BF814F5D1A2079E000B494A2 /* dst_decoder.c */; };
		BF814F6A1A2079E000B494A2 /* dst_fram.c in Sources */ = {isa = PBXBuildFile; fileRef = BF814F5F1A2079E000B494A2 /* dst_fram.c */; };
		BF814F6B1A2079E000B494A2 /* dst_init.c in Sources */ = {isa = PBXBuildFile; fileRef = BF814F611A2079E000B494A2 /* dst_init.c */; };
		BF814F6C1A2079E000B494A2 /* unpack_dst.c in Sources */ = {isa = PBXBuildFile; fileRef = BF814F641A2079E000B494A2 /* unpack_dst.c */; };
/* End PBXBuildFile section */

/* Begin PBXFileReference section */
		089C1672FE841209C02AAC07 /* Foundation.framework */ = {isa = PBXFileReference; lastKnownFileType = wrapper.framework; name = Foundation.framework; path = /System/Library/Frameworks/Foundation.framework; sourceTree = "<absolute>"; };
		089C167FFE841241C02AAC07 /* AppKit.framework */ = {isa = PBXFileReference; lastKnownFileType = wrapper.framework; name = AppKit.framework; path = /System/Library/Frameworks/AppKit.framework; sourceTree = "<absolute>"; };
		1058C7ADFEA557BF11CA2CBB /* Cocoa.framework */ = {isa = PBXFileReference; lastKnownFileType = wrapper.framework; name = Cocoa.framework; path = /System/Library/Frameworks/Cocoa.framework; sourceTree = "<absolute>"; };
		32DBCF630370AF2F00C91783 /* XLDDSDDecoder_Prefix.pch */ = {isa = PBXFileReference; fileEncoding = 4; lastKnownFileType = sourcecode.c.h; path = XLDDSDDecoder_Prefix.pch; sourceTree = "<group>"; };
		8D5B49B6048680CD000E48DA /* XLDDSDDecoder.bundle */ = {isa = PBXFileReference; explicitFileType = wrapper.cfbundle; includeInIndex = 0; path = XLDDSDDecoder.bundle; sourceTree = BUILT_PRODUCTS_DIR; };
		8D5B49B7048680CD000E48DA /* Info.plist */ = {isa = PBXFileReference; fileEncoding = 4; lastKnownFileType = text.plist.xml; path = Info.plist; sourceTree = "<group>"; };
		BF573145191E2D7700050D54 /* dsd2pcm.c */ = {isa = PBXFileReference; fileEncoding = 4; lastKnownFileType = sourcecode.c.c; path = dsd2pcm.c; sourceTree = "<group>"; };
		BF573146191E2D7700050D54 /* dsd2pcm.h */ = {isa = PBXFileReference; fileEncoding = 4; lastKnownFileType = sourcecode.c.h; path = dsd2pcm.h; sourceTree = "<group>"; };
		BF573151191E2DFB00050D54 /* XLDDSDDecoder.h */ = {isa = PBXFileReference; fileEncoding = 4; lastKnownFileType = sourcecode.c.h; path = XLDDSDDecoder.h; sourceTree = "<group>"; };
		BF573152191E2DFB00050D54 /* XLDDSDDecoder.m */ = {isa = PBXFileReference; fileEncoding = 4; lastKnownFileType = sourcecode.c.objc; path = XLDDSDDecoder.m; sourceTree = "<group>"; };
		BF57315A191E2E0700050D54 /* XLDDecoder.h */ = {isa = PBXFileReference; fileEncoding = 4; lastKnownFileType = sourcecode.c.h; path = XLDDecoder.h; sourceTree = "<group>"; };
		BF573315191EB4A600050D54 /* id3lib.h */ = {isa = PBXFileReference; fileEncoding = 4; lastKnownFileType = sourcecode.c.h; path = id3lib.h; sourceTree = "<group>"; };
		BF573316191EB4B600050D54 /* XLDID3.framework */ = {isa = PBXFileReference; lastKnownFileType = wrapper.framework; name = XLDID3.framework; path = ../XLDID3/build/Release/XLDID3.framework; sourceTree = SOURCE_ROOT; };
		BF5736DF1920FA1E00050D54 /* filters.h */ = {isa = PBXFileReference; fileEncoding = 4; lastKnownFileType = sourcecode.c.h; path = filters.h; sourceTree = "<group>"; };
		BF5737071920FCDF00050D54 /* English */ = {isa = PBXFileReference; lastKnownFileType = file.xib; name = English; path = English.lproj/XLDDSDDecoder.xib; sourceTree = "<group>"; };
		BF5737171920FCFB00050D54 /* XLDDSDDecoderConfig.h */ = {isa = PBXFileReference; fileEncoding = 4; lastKnownFileType = sourcecode.c.h; path = XLDDSDDecoderConfig.h; sourceTree = "<group>"; };
		BF5737181920FCFB00050D54 /* XLDDSDDecoderConfig.m */ = {isa = PBXFileReference; fileEncoding = 4; lastKnownFileType = sourcecode.c.objc; path = XLDDSDDecoderConfig.m; sourceTree = "<group>"; };
		BF814F391A20797C00B494A2 /* XLDSACDISOReader.h */ = {isa = PBXFileReference; fileEncoding = 4; lastKnownFileType = sourcecode.c.h; path = XLDSACDISOReader.h; sourceTree = "<group>"; };
		BF814F3A1A20797C00B494A2 /* XLDSACDISOReader.m */ = {isa = PBXFileReference; fileEncoding = 4; lastKnownFileType = sourcecode.c.objc; path = XLDSACDISOReader.m; sourceTree = "<group>"; };
		BF814F3C1A20798300B494A2 /* XLDTrack.h */ = {isa = PBXFileReference; fileEncoding = 4; lastKnownFileType = sourcecode.c.h; path = XLDTrack.h; sourceTree = "<group>"; };
		BF814F561A2079E000B494A2 /* ccp_calc.c */ = {isa = PBXFileReference; fileEncoding = 4; lastKnownFileType = sourcecode.c.c; path = ccp_calc.c; sourceTree = "<group>"; };
		BF814F571A2079E000B494A2 /* ccp_calc.h */ = {isa = PBXFileReference; fileEncoding = 4; lastKnownFileType = sourcecode.c.h; path = ccp_calc.h; sourceTree = "<group>"; };
		BF814F581A2079E000B494A2 /* conststr.h */ = {isa = PBXFileReference; fileEncoding = 4; lastKnownFileType = sourcecode.c.h; path = conststr.h; sourceTree = "<group>"; };
		BF814F591A2079E000B494A2 /* dst_ac.c */ = {isa = PBXFileReference; fileEncoding = 4; lastKnownFileType = sourcecode.c.c; path = dst_ac.c; sourceTree = "<group>"; };
		BF814F5A1A2079E000B494A2 /* dst_ac.h */ = {isa = PBXFileReference; fileEncoding = 4; lastKnownFileType = sourcecode.c.h; path = dst_ac.h; sourceTree = "<group>"; };
		BF814F5B1A2079E000B494A2 /* dst_data.c */ = {isa = PBXFileReference; fileEncoding = 4; lastKnownFileType = sourcecode.c.c; path = dst_data.c; sourceTree = "<group>"; };
		BF814F5C1A2079E000B494A2 /* dst_data.h */ = {isa = PBXFileReference; fileEncoding = 4; lastKnownFileType = sourcecode.c.h; path = dst_data.h; sourceTree = "<group>"; };
		BF814F5D1A2079E000B494A2 /* dst_decoder.c */ = {isa = PBXFileReference; fileEncoding = 4; lastKnownFileType = sourcecode.c.c; path = dst_decoder.c; sourceTree = "<group>"; };
		BF814F5E1A2079E000B494A2 /* dst_decoder.h */ = {isa = PBXFileReference; fileEncoding = 4; lastKnownFileType = sourcecode.c.h; path = dst_decoder.h; sourceTree = "<group>"; };
		BF814F5F1A2079E000B494A2 /* dst_fram.c */ = {isa = PBXFileReference; fileEncoding = 4; lastKnownFileType = sourcecode.c.c; path = dst_fram.c; sourceTree = "<group>"; };
		BF814F601A2079E000B494A2 /* dst_fram.h */ = {isa = PBXFileReference; fileEncoding = 4; lastKnownFileType = sourcecode.c.h; path = dst_fram.h; sourceTree = "<group>"; };
		BF814F611A2079E000B494A2 /* dst_init.c */ = {isa = PBXFileReference; fileEncoding = 4; lastKnownFileType = sourcecode.c.c; path = dst_init.c; sourceTree = "<group>"; };
		BF814F621A2079E000B494A2 /* dst_init.h */ = {isa = PBXFileReference; fileEncoding = 4; lastKnownFileType = sourcecode.c.h; path = dst_init.h; sourceTree = "<group>"; };
		BF814F631A2079E000B494A2 /* types.h */ = {isa = PBXFileReference; fileEncoding = 4; lastKnownFileType = sourcecode.c.h; path = types.h; sourceTree = "<group>"; };
		BF814F641A2079E000B494A2 /* unpack_dst.c */ = {isa = PBXFileReference; fileEncoding = 4; lastKnownFileType = sourcecode.c.c; path = unpack_dst.c; sourceTree = "<group>"; };
		BF814F651A2079E000B494A2 /* unpack_dst.h */ = {isa = PBXFileReference; fileEncoding = 4; lastKnownFileType = sourcecode.c.h; path = unpack_dst.h; sourceTree = "<group>"; };
		D2F7E65807B2D6F200F64583 /* CoreData.framework */ = {isa = PBXFileReference; lastKnownFileType = wrapper.framework; name = CoreData.framework; path = /System/Library/Frameworks/CoreData.framework; sourceTree = "<absolute>"; };
/* End PBXFileReference section */

/* Begin PBXFrameworksBuildPhase section */
		8D5B49B3048680CD000E48DA /* Frameworks */ = {
			isa = PBXFrameworksBuildPhase;
			buildActionMask = 2147483647;
			files = (
				8D5B49B4048680CD000E48DA /* Cocoa.framework in Frameworks */,
				BF573317191EB4B600050D54 /* XLDID3.framework in Frameworks */,
			);
			runOnlyForDeploymentPostprocessing = 0;
		};
/* End PBXFrameworksBuildPhase section */

/* Begin PBXGroup section */
		089C166AFE841209C02AAC07 /* XLDDSDDecoder */ = {
			isa = PBXGroup;
			children = (
				08FB77AFFE84173DC02AAC07 /* Classes */,
				32C88E010371C26100C91783 /* Other Sources */,
				089C167CFE841241C02AAC07 /* Resources */,
				089C1671FE841209C02AAC07 /* Frameworks and Libraries */,
				19C28FB8FE9D52D311CA2CBB /* Products */,
			);
			name = XLDDSDDecoder;
			sourceTree = "<group>";
		};
		089C1671FE841209C02AAC07 /* Frameworks and Libraries */ = {
			isa = PBXGroup;
			children = (
				1058C7ACFEA557BF11CA2CBB /* Linked Frameworks */,
				1058C7AEFEA557BF11CA2CBB /* Other Frameworks */,
			);
			name = "Frameworks and Libraries";
			sourceTree = "<group>";
		};
		089C167CFE841241C02AAC07 /* Resources */ = {
			isa = PBXGroup;
			children = (
				8D5B49B7048680CD000E48DA /* Info.plist */,
				BF5737061920FCDF00050D54 /* XLDDSDDecoder.xib */,
			);
			name = Resources;
			sourceTree = "<group>";
		};
		08FB77AFFE84173DC02AAC07 /* Classes */ = {
			isa = PBXGroup;
			children = (
				BF573151191E2DFB00050D54 /* XLDDSDDecoder.h */,
				BF573152191E2DFB00050D54 /* XLDDSDDecoder.m */,
				BF5737171920FCFB00050D54 /* XLDDSDDecoderConfig.h */,
				BF5737181920FCFB00050D54 /* XLDDSDDecoderConfig.m */,
				BF814F391A20797C00B494A2 /* XLDSACDISOReader.h */,
				BF814F3A1A20797C00B494A2 /* XLDSACDISOReader.m */,
				BF814F3C1A20798300B494A2 /* XLDTrack.h */,
				BF57315A191E2E0700050D54 /* XLDDecoder.h */,
			);
			name = Classes;
			sourceTree = "<group>";
		};
		1058C7ACFEA557BF11CA2CBB /* Linked Frameworks */ = {
			isa = PBXGroup;
			children = (
				BF573316191EB4B600050D54 /* XLDID3.framework */,
				1058C7ADFEA557BF11CA2CBB /* Cocoa.framework */,
			);
			name = "Linked Frameworks";
			sourceTree = "<group>";
		};
		1058C7AEFEA557BF11CA2CBB /* Other Frameworks */ = {
			isa = PBXGroup;
			children = (
				089C167FFE841241C02AAC07 /* AppKit.framework */,
				D2F7E65807B2D6F200F64583 /* CoreData.framework */,
				089C1672FE841209C02AAC07 /* Foundation.framework */,
			);
			name = "Other Frameworks";
			sourceTree = "<group>";
		};
		19C28FB8FE9D52D311CA2CBB /* Products */ = {
			isa = PBXGroup;
			children = (
				8D5B49B6048680CD000E48DA /* XLDDSDDecoder.bundle */,
			);
			name = Products;
			sourceTree = "<group>";
		};
		32C88E010371C26100C91783 /* Other Sources */ = {
			isa = PBXGroup;
			children = (
				BF814F551A2079E000B494A2 /* DST */,
				BF573146191E2D7700050D54 /* dsd2pcm.h */,
				BF573145191E2D7700050D54 /* dsd2pcm.c */,
				BF5736DF1920FA1E00050D54 /* filters.h */,
				BF573315191EB4A600050D54 /* id3lib.h */,
				32DBCF630370AF2F00C91783 /* XLDDSDDecoder_Prefix.pch */,
			);
			name = "Other Sources";
			sourceTree = "<group>";
		};
		BF814F551A2079E000B494A2 /* DST */ = {
			isa = PBXGroup;
			children = (
				BF814F561A2079E000B494A2 /* ccp_calc.c */,
				BF814F571A2079E000B494A2 /* ccp_calc.h */,
				BF814F581A2079E000B494A2 /* conststr.h */,
				BF814F591A2079E000B494A2 /* dst_ac.c */,
				BF814F5A1A2079E000B494A2 /* dst_ac.h */,
				BF814F5B1A2079E000B494A2 /* dst_data.c */,
				BF814F5C1A2079E000B494A2 /* dst_data.h */,
				BF814F5D1A2079E000B494A2 /* dst_decoder.c */,
				BF814F5E1A2079E000B494A2 /* dst_decoder.h */,
				BF814F5F1A2079E000B494A2 /* dst_fram.c */,
				BF814F601A2079E000B494A2 /* dst_fram.h */,
				BF814F611A2079E000B494A2 /* dst_init.c */,
				BF814F621A2079E000B494A2 /* dst_init.h */,
				BF814F631A2079E000B494A2 /* types.h */,
				BF814F641A2079E000B494A2 /* unpack_dst.c */,
				BF814F651A2079E000B494A2 /* unpack_dst.h */,
			);
			path = DST;
			sourceTree = "<group>";
		};
/* End PBXGroup section */

/* Begin PBXNativeTarget section */
		8D5B49AC048680CD000E48DA /* XLDDSDDecoder */ = {
			isa = PBXNativeTarget;
			buildConfigurationList = 1DEB913A08733D840010E9CD /* Build configuration list for PBXNativeTarget "XLDDSDDecoder" */;
			buildPhases = (
				8D5B49AF048680CD000E48DA /* Resources */,
				8D5B49B1048680CD000E48DA /* Sources */,
				8D5B49B3048680CD000E48DA /* Frameworks */,
			);
			buildRules = (
			);
			dependencies = (
			);
			name = XLDDSDDecoder;
			productInstallPath = "$(HOME)/Library/Bundles";
			productName = XLDDSDDecoder;
			productReference = 8D5B49B6048680CD000E48DA /* XLDDSDDecoder.bundle */;
			productType = "com.apple.product-type.bundle";
		};
/* End PBXNativeTarget section */

/* Begin PBXProject section */
		089C1669FE841209C02AAC07 /* Project object */ = {
			isa = PBXProject;
			buildConfigurationList = 1DEB913E08733D840010E9CD /* Build configuration list for PBXProject "XLDDSDDecoder_export" */;
			compatibilityVersion = "Xcode 3.1";
			developmentRegion = English;
			hasScannedForEncodings = 1;
			knownRegions = (
				English,
				Japanese,
				French,
				German,
			);
			mainGroup = 089C166AFE841209C02AAC07 /* XLDDSDDecoder */;
			projectDirPath = "";
			projectRoot = "";
			targets = (
				8D5B49AC048680CD000E48DA /* XLDDSDDecoder */,
			);
		};
/* End PBXProject section */

/* Begin PBXResourcesBuildPhase section */
		8D5B49AF048680CD000E48DA /* Resources */ = {
			isa = PBXResourcesBuildPhase;
			buildActionMask = 2147483647;
			files = (
				BF5737081920FCDF00050D54 /* XLDDSDDecoder.xib in Resources */,
			);
			runOnlyForDeploymentPostprocessing = 0;
		};
/* End PBXResourcesBuildPhase section */

/* Begin PBXSourcesBuildPhase section */
		8D5B49B1048680CD000E48DA /* Sources */ = {
			isa = PBXSourcesBuildPhase;
			buildActionMask = 2147483647;
			files = (
				BF573147191E2D7700050D54 /* dsd2pcm.c in Sources */,
				BF573153191E2DFB00050D54 /* XLDDSDDecoder.m in Sources */,
				BF5737191920FCFB00050D54 /* XLDDSDDecoderConfig.m in Sources */,
				BF814F3B1A20797C00B494A2 /* XLDSACDISOReader.m in Sources */,
				BF814F661A2079E000B494A2 /* ccp_calc.c in Sources */,
				BF814F671A2079E000B494A2 /* dst_ac.c in Sources */,
				BF814F681A2079E000B494A2 /* dst_data.c in Sources */,
				BF814F691A2079E000B494A2 /* dst_decoder.c in Sources */,
				BF814F6A1A2079E000B494A2 /* dst_fram.c in Sources */,
				BF814F6B1A2079E000B494A2 /* dst_init.c in Sources */,
				BF814F6C1A2079E000B494A2 /* unpack_dst.c in Sources */,
			);
			runOnlyForDeploymentPostprocessing = 0;
		};
/* End PBXSourcesBuildPhase section */

/* Begin PBXVariantGroup section */
		BF5737061920FCDF00050D54 /* XLDDSDDecoder.xib */ = {
			isa = PBXVariantGroup;
			children = (
				BF5737071920FCDF00050D54 /* English */,
			);
			name = XLDDSDDecoder.xib;
			sourceTree = "<group>";
		};
/* End PBXVariantGroup section */

/* Begin XCBuildConfiguration section */
		1DEB913B08733D840010E9CD /* Debug */ = {
			isa = XCBuildConfiguration;
			buildSettings = {
				ALWAYS_SEARCH_USER_PATHS = NO;
				COPY_PHASE_STRIP = NO;
				FRAMEWORK_SEARCH_PATHS = (
					"$(inherited)",
					"\"$(SRCROOT)/../XLDID3/build/Release\"",
				);
				GCC_DYNAMIC_NO_PIC = NO;
				GCC_ENABLE_FIX_AND_CONTINUE = YES;
				GCC_MODEL_TUNING = G5;
				GCC_OPTIMIZATION_LEVEL = 0;
				GCC_PRECOMPILE_PREFIX_HEADER = YES;
				GCC_PREFIX_HEADER = XLDDSDDecoder_Prefix.pch;
				INFOPLIST_FILE = Info.plist;
				PRODUCT_NAME = XLDDSDDecoder;
				WRAPPER_EXTENSION = bundle;
			};
			name = Debug;
		};
		1DEB913C08733D840010E9CD /* Release */ = {
			isa = XCBuildConfiguration;
			buildSettings = {
				ALWAYS_SEARCH_USER_PATHS = NO;
				DEBUG_INFORMATION_FORMAT = "dwarf-with-dsym";
				FRAMEWORK_SEARCH_PATHS = (
					"$(inherited)",
					"\"$(SRCROOT)/../XLDID3/build/Release\"",
				);
				GCC_MODEL_TUNING = G5;
				GCC_PRECOMPILE_PREFIX_HEADER = YES;
				GCC_PREFIX_HEADER = XLDDSDDecoder_Prefix.pch;
				INFOPLIST_FILE = Info.plist;
				PRODUCT_NAME = XLDDSDDecoder;
				WRAPPER_EXTENSION = bundle;
			};
			name = Release;
		};
		1DEB913F08733D840010E9CD /* Debug */ = {
			isa = XCBuildConfiguration;
			buildSettings = {
				GCC_C_LANGUAGE_STANDARD = gnu99;
				GCC_OPTIMIZATION_LEVEL = 0;
				GCC_WARN_ABOUT_RETURN_TYPE = YES;
				GCC_WARN_UNUSED_VARIABLE = YES;
				ONLY_ACTIVE_ARCH = YES;
				PREBINDING = NO;
				VALID_ARCHS = "i386 ppc";
			};
			name = Debug;
		};
		1DEB914008733D840010E9CD /* Release */ = {
			isa = XCBuildConfiguration;
			buildSettings = {
				GCC_C_LANGUAGE_STANDARD = gnu99;
				GCC_WARN_ABOUT_RETURN_TYPE = YES;
				GCC_WARN_UNUSED_VARIABLE = YES;
				PREBINDING = NO;
				VALID_ARCHS = "i386 ppc";
			};
			name = Release;
		};
/* End XCBuildConfiguration section */

/* Begin XCConfigurationList section */
		1DEB913A08733D840010E9CD /* Build configuration list for PBXNativeTarget "XLDDSDDecoder" */ = {
			isa = XCConfigurationList;
			buildConfigurations = (
				1DEB913B08733D840010E9CD /* Debug */,
				1DEB913C08733D840010E9CD /* Release */,
			);
			defaultConfigurationIsVisible = 0;
			defaultConfigurationName = Release;
		};
		1DEB913E08733D840010E9CD /* Build configuration list for PBXProject "XLDDSDDecoder_export" */ = {
			isa = XCConfigurationList;
			buildConfigurations = (
				1DEB913F08733D840010E9CD /* Debug */,
				1DEB914008733D840010E9CD /* Release */,
			);
			defaultConfigurationIsVisible = 0;
			defaultConfigurationName = Release;
		};
/* End XCConfigurationList section */
	};
	rootObject = 089C1669FE841209C02AAC07 /* Project object */;
}
